
Microsoft Visual Studio Solution File, Format Version 12.00
# Visual Studio Version 17
VisualStudioVersion = 17.2.32516.85
MinimumVisualStudioVersion = 10.0.40219.1
Project("{FAE04EC0-301F-11D3-BF4B-00C04F79EFBC}") = "WindowsFormsApp1", "WindowsFormsApp1\WindowsFormsApp1.csproj", "{AA62C6B1-9AB4-47B0-B664-B8477967B2E2}"
EndProject
Global
	GlobalSection(SolutionConfigurationPlatforms) = preSolution
		Debug|Any CPU = Debug|Any CPU
		Release|Any CPU = Release|Any CPU
	EndGlobalSection
	GlobalSection(ProjectConfigurationPlatforms) = postSolution
		{AA62C6B1-9AB4-47B0-B664-B8477967B2E2}.Debug|Any CPU.ActiveCfg = Debug|Any CPU
		{AA62C6B1-9AB4-47B0-B664-B8477967B2E2}.Debug|Any CPU.Build.0 = Debug|Any CPU
		{AA62C6B1-9AB4-47B0-B664-B8477967B2E2}.Release|Any CPU.ActiveCfg = Release|Any CPU
		{AA62C6B1-9AB4-47B0-B664-B8477967B2E2}.Release|Any CPU.Build.0 = Release|Any CPU
	EndGlobalSection
	GlobalSection(SolutionProperties) = preSolution
		HideSolutionNode = FALSE
	EndGlobalSection
	GlobalSection(ExtensibilityGlobals) = postSolution
		SolutionGuid = {C4291880-7FD2-4E66-A2FA-E001E49BCFF1}
	EndGlobalSection
EndGlobal
